// !$*UTF8*$!
{
	archiveVersion = 1;
	classes = {
	};
	objectVersion = 50;
	objects = {

/* Begin PBXBuildFile section */
		84DB93982090E307007EE85C /* AppDelegate.swift in Sources */ = {isa = PBXBuildFile; fileRef = 84DB93972090E307007EE85C /* AppDelegate.swift */; };
		84DB939A2090E307007EE85C /* ViewController.swift in Sources */ = {isa = PBXBuildFile; fileRef = 84DB93992090E307007EE85C /* ViewController.swift */; };
		84DB939D2090E307007EE85C /* Main.storyboard in Resources */ = {isa = PBXBuildFile; fileRef = 84DB939B2090E307007EE85C /* Main.storyboard */; };
		84DB939F2090E309007EE85C /* Assets.xcassets in Resources */ = {isa = PBXBuildFile; fileRef = 84DB939E2090E309007EE85C /* Assets.xcassets */; };
		84DB93A22090E309007EE85C /* LaunchScreen.storyboard in Resources */ = {isa = PBXBuildFile; fileRef = 84DB93A02090E309007EE85C /* LaunchScreen.storyboard */; };
		84DB93AD2090E309007EE85C /* blubUITests.swift in Sources */ = {isa = PBXBuildFile; fileRef = 84DB93AC2090E309007EE85C /* blubUITests.swift */; };
/* End PBXBuildFile section */

/* Begin PBXContainerItemProxy section */
		84DB93A92090E309007EE85C /* PBXContainerItemProxy */ = {
			isa = PBXContainerItemProxy;
			containerPortal = 84DB938C2090E307007EE85C /* Project object */;
			proxyType = 1;
			remoteGlobalIDString = 84DB93932090E307007EE85C;
			remoteInfo = blub;
		};
/* End PBXContainerItemProxy section */

/* Begin PBXFileReference section */
		84DB93942090E307007EE85C /* blub.app */ = {isa = PBXFileReference; explicitFileType = wrapper.application; includeInIndex = 0; path = blub.app; sourceTree = BUILT_PRODUCTS_DIR; };
		84DB93972090E307007EE85C /* AppDelegate.swift */ = {isa = PBXFileReference; lastKnownFileType = sourcecode.swift; path = AppDelegate.swift; sourceTree = "<group>"; };
		84DB93992090E307007EE85C /* ViewController.swift */ = {isa = PBXFileReference; lastKnownFileType = sourcecode.swift; path = ViewController.swift; sourceTree = "<group>"; };
		84DB939C2090E307007EE85C /* Base */ = {isa = PBXFileReference; lastKnownFileType = file.storyboard; name = Base; path = Base.lproj/Main.storyboard; sourceTree = "<group>"; };
		84DB939E2090E309007EE85C /* Assets.xcassets */ = {isa = PBXFileReference; lastKnownFileType = folder.assetcatalog; path = Assets.xcassets; sourceTree = "<group>"; };
		84DB93A12090E309007EE85C /* Base */ = {isa = PBXFileReference; lastKnownFileType = file.storyboard; name = Base; path = Base.lproj/LaunchScreen.storyboard; sourceTree = "<group>"; };
		84DB93A32090E309007EE85C /* Info.plist */ = {isa = PBXFileReference; lastKnownFileType = text.plist.xml; path = Info.plist; sourceTree = "<group>"; };
		84DB93A82090E309007EE85C /* blubUITests.xctest */ = {isa = PBXFileReference; explicitFileType = wrapper.cfbundle; includeInIndex = 0; path = blubUITests.xctest; sourceTree = BUILT_PRODUCTS_DIR; };
		84DB93AC2090E309007EE85C /* blubUITests.swift */ = {isa = PBXFileReference; lastKnownFileType = sourcecode.swift; path = blubUITests.swift; sourceTree = "<group>"; };
		84DB93AE2090E309007EE85C /* Info.plist */ = {isa = PBXFileReference; lastKnownFileType = text.plist.xml; path = Info.plist; sourceTree = "<group>"; };
/* End PBXFileReference section */

/* Begin PBXFrameworksBuildPhase section */
		84DB93912090E307007EE85C /* Frameworks */ = {
			isa = PBXFrameworksBuildPhase;
			buildActionMask = 2147483647;
			files = (
			);
			runOnlyForDeploymentPostprocessing = 0;
		};
		84DB93A52090E309007EE85C /* Frameworks */ = {
			isa = PBXFrameworksBuildPhase;
			buildActionMask = 2147483647;
			files = (
			);
			runOnlyForDeploymentPostprocessing = 0;
		};
/* End PBXFrameworksBuildPhase section */

/* Begin PBXGroup section */
		84DB938B2090E307007EE85C = {
			isa = PBXGroup;
			children = (
				84DB93962090E307007EE85C /* blub */,
				84DB93AB2090E309007EE85C /* blubUITests */,
				84DB93952090E307007EE85C /* Products */,
			);
			sourceTree = "<group>";
		};
		84DB93952090E307007EE85C /* Products */ = {
			isa = PBXGroup;
			children = (
				84DB93942090E307007EE85C /* blub.app */,
				84DB93A82090E309007EE85C /* blubUITests.xctest */,
			);
			name = Products;
			sourceTree = "<group>";
		};
		84DB93962090E307007EE85C /* blub */ = {
			isa = PBXGroup;
			children = (
				84DB93972090E307007EE85C /* AppDelegate.swift */,
				84DB93992090E307007EE85C /* ViewController.swift */,
				84DB939B2090E307007EE85C /* Main.storyboard */,
				84DB939E2090E309007EE85C /* Assets.xcassets */,
				84DB93A02090E309007EE85C /* LaunchScreen.storyboard */,
				84DB93A32090E309007EE85C /* Info.plist */,
			);
			path = blub;
			sourceTree = "<group>";
		};
		84DB93AB2090E309007EE85C /* blubUITests */ = {
			isa = PBXGroup;
			children = (
				84DB93AC2090E309007EE85C /* blubUITests.swift */,
				84DB93AE2090E309007EE85C /* Info.plist */,
			);
			path = blubUITests;
			sourceTree = "<group>";
		};
/* End PBXGroup section */

/* Begin PBXNativeTarget section */
		84DB93932090E307007EE85C /* blub */ = {
			isa = PBXNativeTarget;
			buildConfigurationList = 84DB93B12090E309007EE85C /* Build configuration list for PBXNativeTarget "blub" */;
			buildPhases = (
				84DB93902090E307007EE85C /* Sources */,
				84DB93912090E307007EE85C /* Frameworks */,
				84DB93922090E307007EE85C /* Resources */,
			);
			buildRules = (
			);
			dependencies = (
			);
			name = blub;
			productName = blub;
			productReference = 84DB93942090E307007EE85C /* blub.app */;
			productType = "com.apple.product-type.application";
		};
		84DB93A72090E309007EE85C /* blubUITests */ = {
			isa = PBXNativeTarget;
			buildConfigurationList = 84DB93B42090E309007EE85C /* Build configuration list for PBXNativeTarget "blubUITests" */;
			buildPhases = (
				84DB93A42090E309007EE85C /* Sources */,
				84DB93A52090E309007EE85C /* Frameworks */,
				84DB93A62090E309007EE85C /* Resources */,
			);
			buildRules = (
			);
			dependencies = (
				84DB93AA2090E309007EE85C /* PBXTargetDependency */,
			);
			name = blubUITests;
			productName = blubUITests;
			productReference = 84DB93A82090E309007EE85C /* blubUITests.xctest */;
			productType = "com.apple.product-type.bundle.ui-testing";
		};
/* End PBXNativeTarget section */

/* Begin PBXProject section */
		84DB938C2090E307007EE85C /* Project object */ = {
			isa = PBXProject;
			attributes = {
				LastSwiftUpdateCheck = 0930;
				LastUpgradeCheck = 0930;
				ORGANIZATIONNAME = EE;
				TargetAttributes = {
					84DB93932090E307007EE85C = {
						CreatedOnToolsVersion = 9.3;
					};
					84DB93A72090E309007EE85C = {
						CreatedOnToolsVersion = 9.3;
						TestTargetID = 84DB93932090E307007EE85C;
					};
				};
			};
			buildConfigurationList = 84DB938F2090E307007EE85C /* Build configuration list for PBXProject "blub" */;
			compatibilityVersion = "Xcode 9.3";
			developmentRegion = en;
			hasScannedForEncodings = 0;
			knownRegions = (
				en,
				Base,
			);
			mainGroup = 84DB938B2090E307007EE85C;
			productRefGroup = 84DB93952090E307007EE85C /* Products */;
			projectDirPath = "";
			projectRoot = "";
			targets = (
				84DB93932090E307007EE85C /* blub */,
				84DB93A72090E309007EE85C /* blubUITests */,
			);
		};
/* End PBXProject section */

/* Begin PBXResourcesBuildPhase section */
		84DB93922090E307007EE85C /* Resources */ = {
			isa = PBXResourcesBuildPhase;
			buildActionMask = 2147483647;
			files = (
				84DB93A22090E309007EE85C /* LaunchScreen.storyboard in Resources */,
				84DB939F2090E309007EE85C /* Assets.xcassets in Resources */,
				84DB939D2090E307007EE85C /* Main.storyboard in Resources */,
			);
			runOnlyForDeploymentPostprocessing = 0;
		};
		84DB93A62090E309007EE85C /* Resources */ = {
			isa = PBXResourcesBuildPhase;
			buildActionMask = 2147483647;
			files = (
			);
			runOnlyForDeploymentPostprocessing = 0;
		};
/* End PBXResourcesBuildPhase section */

/* Begin PBXSourcesBuildPhase section */
		84DB93902090E307007EE85C /* Sources */ = {
			isa = PBXSourcesBuildPhase;
			buildActionMask = 2147483647;
			files = (
				84DB939A2090E307007EE85C /* ViewController.swift in Sources */,
				84DB93982090E307007EE85C /* AppDelegate.swift in Sources */,
			);
			runOnlyForDeploymentPostprocessing = 0;
		};
		84DB93A42090E309007EE85C /* Sources */ = {
			isa = PBXSourcesBuildPhase;
			buildActionMask = 2147483647;
			files = (
				84DB93AD2090E309007EE85C /* blubUITests.swift in Sources */,
			);
			runOnlyForDeploymentPostprocessing = 0;
		};
/* End PBXSourcesBuildPhase section */

/* Begin PBXTargetDependency section */
		84DB93AA2090E309007EE85C /* PBXTargetDependency */ = {
			isa = PBXTargetDependency;
			target = 84DB93932090E307007EE85C /* blub */;
			targetProxy = 84DB93A92090E309007EE85C /* PBXContainerItemProxy */;
		};
/* End PBXTargetDependency section */

/* Begin PBXVariantGroup section */
		84DB939B2090E307007EE85C /* Main.storyboard */ = {
			isa = PBXVariantGroup;
			children = (
				84DB939C2090E307007EE85C /* Base */,
			);
			name = Main.storyboard;
			sourceTree = "<group>";
		};
		84DB93A02090E309007EE85C /* LaunchScreen.storyboard */ = {
			isa = PBXVariantGroup;
			children = (
				84DB93A12090E309007EE85C /* Base */,
			);
			name = LaunchScreen.storyboard;
			sourceTree = "<group>";
		};
/* End PBXVariantGroup section */

/* Begin XCBuildConfiguration section */
		84DB93AF2090E309007EE85C /* Debug */ = {
			isa = XCBuildConfiguration;
			buildSettings = {
				ALWAYS_SEARCH_USER_PATHS = NO;
				CLANG_ANALYZER_NONNULL = YES;
				CLANG_ANALYZER_NUMBER_OBJECT_CONVERSION = YES_AGGRESSIVE;
				CLANG_CXX_LANGUAGE_STANDARD = "gnu++14";
				CLANG_CXX_LIBRARY = "libc++";
				CLANG_ENABLE_MODULES = YES;
				CLANG_ENABLE_OBJC_ARC = YES;
				CLANG_ENABLE_OBJC_WEAK = YES;
				CLANG_WARN_BLOCK_CAPTURE_AUTORELEASING = YES;
				CLANG_WARN_BOOL_CONVERSION = YES;
				CLANG_WARN_COMMA = YES;
				CLANG_WARN_CONSTANT_CONVERSION = YES;
				CLANG_WARN_DEPRECATED_OBJC_IMPLEMENTATIONS = YES;
				CLANG_WARN_DIRECT_OBJC_ISA_USAGE = YES_ERROR;
				CLANG_WARN_DOCUMENTATION_COMMENTS = YES;
				CLANG_WARN_EMPTY_BODY = YES;
				CLANG_WARN_ENUM_CONVERSION = YES;
				CLANG_WARN_INFINITE_RECURSION = YES;
				CLANG_WARN_INT_CONVERSION = YES;
				CLANG_WARN_NON_LITERAL_NULL_CONVERSION = YES;
				CLANG_WARN_OBJC_IMPLICIT_RETAIN_SELF = YES;
				CLANG_WARN_OBJC_LITERAL_CONVERSION = YES;
				CLANG_WARN_OBJC_ROOT_CLASS = YES_ERROR;
				CLANG_WARN_RANGE_LOOP_ANALYSIS = YES;
				CLANG_WARN_STRICT_PROTOTYPES = YES;
				CLANG_WARN_SUSPICIOUS_MOVE = YES;
				CLANG_WARN_UNGUARDED_AVAILABILITY = YES_AGGRESSIVE;
				CLANG_WARN_UNREACHABLE_CODE = YES;
				CLANG_WARN__DUPLICATE_METHOD_MATCH = YES;
				CODE_SIGN_IDENTITY = "iPhone Developer";
				COPY_PHASE_STRIP = NO;
				DEBUG_INFORMATION_FORMAT = dwarf;
				ENABLE_STRICT_OBJC_MSGSEND = YES;
				ENABLE_TESTABILITY = YES;
				GCC_C_LANGUAGE_STANDARD = gnu11;
				GCC_DYNAMIC_NO_PIC = NO;
				GCC_NO_COMMON_BLOCKS = YES;
				GCC_OPTIMIZATION_LEVEL = 0;
				GCC_PREPROCESSOR_DEFINITIONS = (
					"DEBUG=1",
					"$(inherited)",
				);
				GCC_WARN_64_TO_32_BIT_CONVERSION = YES;
				GCC_WARN_ABOUT_RETURN_TYPE = YES_ERROR;
				GCC_WARN_UNDECLARED_SELECTOR = YES;
				GCC_WARN_UNINITIALIZED_AUTOS = YES_AGGRESSIVE;
				GCC_WARN_UNUSED_FUNCTION = YES;
				GCC_WARN_UNUSED_VARIABLE = YES;
				IPHONEOS_DEPLOYMENT_TARGET = 11.3;
				MTL_ENABLE_DEBUG_INFO = YES;
				ONLY_ACTIVE_ARCH = YES;
				SDKROOT = iphoneos;
				SWIFT_ACTIVE_COMPILATION_CONDITIONS = DEBUG;
				SWIFT_OPTIMIZATION_LEVEL = "-Onone";
			};
			name = Debug;
		};
		84DB93B02090E309007EE85C /* Release */ = {
			isa = XCBuildConfiguration;
			buildSettings = {
				ALWAYS_SEARCH_USER_PATHS = NO;
				CLANG_ANALYZER_NONNULL = YES;
				CLANG_ANALYZER_NUMBER_OBJECT_CONVERSION = YES_AGGRESSIVE;
				CLANG_CXX_LANGUAGE_STANDARD = "gnu++14";
				CLANG_CXX_LIBRARY = "libc++";
				CLANG_ENABLE_MODULES = YES;
				CLANG_ENABLE_OBJC_ARC = YES;
				CLANG_ENABLE_OBJC_WEAK = YES;
				CLANG_WARN_BLOCK_CAPTURE_AUTORELEASING = YES;
				CLANG_WARN_BOOL_CONVERSION = YES;
				CLANG_WARN_COMMA = YES;
				CLANG_WARN_CONSTANT_CONVERSION = YES;
				CLANG_WARN_DEPRECATED_OBJC_IMPLEMENTATIONS = YES;
				CLANG_WARN_DIRECT_OBJC_ISA_USAGE = YES_ERROR;
				CLANG_WARN_DOCUMENTATION_COMMENTS = YES;
				CLANG_WARN_EMPTY_BODY = YES;
				CLANG_WARN_ENUM_CONVERSION = YES;
				CLANG_WARN_INFINITE_RECURSION = YES;
				CLANG_WARN_INT_CONVERSION = YES;
				CLANG_WARN_NON_LITERAL_NULL_CONVERSION = YES;
				CLANG_WARN_OBJC_IMPLICIT_RETAIN_SELF = YES;
				CLANG_WARN_OBJC_LITERAL_CONVERSION = YES;
				CLANG_WARN_OBJC_ROOT_CLASS = YES_ERROR;
				CLANG_WARN_RANGE_LOOP_ANALYSIS = YES;
				CLANG_WARN_STRICT_PROTOTYPES = YES;
				CLANG_WARN_SUSPICIOUS_MOVE = YES;
				CLANG_WARN_UNGUARDED_AVAILABILITY = YES_AGGRESSIVE;
				CLANG_WARN_UNREACHABLE_CODE = YES;
				CLANG_WARN__DUPLICATE_METHOD_MATCH = YES;
				CODE_SIGN_IDENTITY = "iPhone Developer";
				COPY_PHASE_STRIP = NO;
				DEBUG_INFORMATION_FORMAT = "dwarf-with-dsym";
				ENABLE_NS_ASSERTIONS = NO;
				ENABLE_STRICT_OBJC_MSGSEND = YES;
				GCC_C_LANGUAGE_STANDARD = gnu11;
				GCC_NO_COMMON_BLOCKS = YES;
				GCC_WARN_64_TO_32_BIT_CONVERSION = YES;
				GCC_WARN_ABOUT_RETURN_TYPE = YES_ERROR;
				GCC_WARN_UNDECLARED_SELECTOR = YES;
				GCC_WARN_UNINITIALIZED_AUTOS = YES_AGGRESSIVE;
				GCC_WARN_UNUSED_FUNCTION = YES;
				GCC_WARN_UNUSED_VARIABLE = YES;
				IPHONEOS_DEPLOYMENT_TARGET = 11.3;
				MTL_ENABLE_DEBUG_INFO = NO;
				SDKROOT = iphoneos;
				SWIFT_COMPILATION_MODE = wholemodule;
				SWIFT_OPTIMIZATION_LEVEL = "-O";
				VALIDATE_PRODUCT = YES;
			};
			name = Release;
		};
		84DB93B22090E309007EE85C /* Debug */ = {
			isa = XCBuildConfiguration;
			buildSettings = {
				ASSETCATALOG_COMPILER_APPICON_NAME = AppIcon;
				CODE_SIGN_STYLE = Automatic;
				DEVELOPMENT_TEAM = M94J3XEHM7;
				INFOPLIST_FILE = blub/Info.plist;
				LD_RUNPATH_SEARCH_PATHS = (
					"$(inherited)",
					"@executable_path/Frameworks",
				);
				PRODUCT_BUNDLE_IDENTIFIER = de.eeimer.ww.blub;
				PRODUCT_NAME = "$(TARGET_NAME)";
				SWIFT_VERSION = 4.0;
				TARGETED_DEVICE_FAMILY = "1,2";
			};
			name = Debug;
		};
		84DB93B32090E309007EE85C /* Release */ = {
			isa = XCBuildConfiguration;
			buildSettings = {
				ASSETCATALOG_COMPILER_APPICON_NAME = AppIcon;
				CODE_SIGN_STYLE = Automatic;
				DEVELOPMENT_TEAM = M94J3XEHM7;
				INFOPLIST_FILE = blub/Info.plist;
				LD_RUNPATH_SEARCH_PATHS = (
					"$(inherited)",
					"@executable_path/Frameworks",
				);
				PRODUCT_BUNDLE_IDENTIFIER = de.eeimer.ww.blub;
				PRODUCT_NAME = "$(TARGET_NAME)";
				SWIFT_VERSION = 4.0;
				TARGETED_DEVICE_FAMILY = "1,2";
			};
			name = Release;
		};
		84DB93B52090E309007EE85C /* Debug */ = {
			isa = XCBuildConfiguration;
			buildSettings = {
				ALWAYS_EMBED_SWIFT_STANDARD_LIBRARIES = YES;
				CODE_SIGN_STYLE = Automatic;
				DEVELOPMENT_TEAM = M94J3XEHM7;
				INFOPLIST_FILE = blubUITests/Info.plist;
				LD_RUNPATH_SEARCH_PATHS = (
					"$(inherited)",
					"@executable_path/Frameworks",
					"@loader_path/Frameworks",
				);
				PRODUCT_BUNDLE_IDENTIFIER = de.eeimer.ww.blubUITests;
				PRODUCT_NAME = "$(TARGET_NAME)";
				SWIFT_VERSION = 4.0;
				TARGETED_DEVICE_FAMILY = "1,2";
				TEST_TARGET_NAME = blub;
			};
			name = Debug;
		};
		84DB93B62090E309007EE85C /* Release */ = {
			isa = XCBuildConfiguration;
			buildSettings = {
				ALWAYS_EMBED_SWIFT_STANDARD_LIBRARIES = YES;
				CODE_SIGN_STYLE = Automatic;
				DEVELOPMENT_TEAM = M94J3XEHM7;
				INFOPLIST_FILE = blubUITests/Info.plist;
				LD_RUNPATH_SEARCH_PATHS = (
					"$(inherited)",
					"@executable_path/Frameworks",
					"@loader_path/Frameworks",
				);
				PRODUCT_BUNDLE_IDENTIFIER = de.eeimer.ww.blubUITests;
				PRODUCT_NAME = "$(TARGET_NAME)";
				SWIFT_VERSION = 4.0;
				TARGETED_DEVICE_FAMILY = "1,2";
				TEST_TARGET_NAME = blub;
			};
			name = Release;
		};
/* End XCBuildConfiguration section */

/* Begin XCConfigurationList section */
		84DB938F2090E307007EE85C /* Build configuration list for PBXProject "blub" */ = {
			isa = XCConfigurationList;
			buildConfigurations = (
				84DB93AF2090E309007EE85C /* Debug */,
				84DB93B02090E309007EE85C /* Release */,
			);
			defaultConfigurationIsVisible = 0;
			defaultConfigurationName = Release;
		};
		84DB93B12090E309007EE85C /* Build configuration list for PBXNativeTarget "blub" */ = {
			isa = XCConfigurationList;
			buildConfigurations = (
				84DB93B22090E309007EE85C /* Debug */,
				84DB93B32090E309007EE85C /* Release */,
			);
			defaultConfigurationIsVisible = 0;
			defaultConfigurationName = Release;
		};
		84DB93B42090E309007EE85C /* Build configuration list for PBXNativeTarget "blubUITests" */ = {
			isa = XCConfigurationList;
			buildConfigurations = (
				84DB93B52090E309007EE85C /* Debug */,
				84DB93B62090E309007EE85C /* Release */,
			);
			defaultConfigurationIsVisible = 0;
			defaultConfigurationName = Release;
		};
/* End XCConfigurationList section */
	};
	rootObject = 84DB938C2090E307007EE85C /* Project object */;
}
